// !$*UTF8*$!
{
	archiveVersion = 1;
	classes = {
	};
	objectVersion = 46;
	objects = {

/* Begin PBXBuildFile section */
		C31169ED1F47B40F00E0C392 /* AppDelegate.swift in Sources */ = {isa = PBXBuildFile; fileRef = C31169EC1F47B40F00E0C392 /* AppDelegate.swift */; };
		C31169EF1F47B40F00E0C392 /* ViewController.swift in Sources */ = {isa = PBXBuildFile; fileRef = C31169EE1F47B40F00E0C392 /* ViewController.swift */; };
		C31169F21F47B40F00E0C392 /* Main.storyboard in Resources */ = {isa = PBXBuildFile; fileRef = C31169F01F47B40F00E0C392 /* Main.storyboard */; };
		C31169F41F47B40F00E0C392 /* Assets.xcassets in Resources */ = {isa = PBXBuildFile; fileRef = C31169F31F47B40F00E0C392 /* Assets.xcassets */; };
		C31169F71F47B40F00E0C392 /* LaunchScreen.storyboard in Resources */ = {isa = PBXBuildFile; fileRef = C31169F51F47B40F00E0C392 /* LaunchScreen.storyboard */; };
/* End PBXBuildFile section */

/* Begin PBXFileReference section */
		C31169E91F47B40F00E0C392 /* UIViewFreeSpace.app */ = {isa = PBXFileReference; explicitFileType = wrapper.application; includeInIndex = 0; path = UIViewFreeSpace.app; sourceTree = BUILT_PRODUCTS_DIR; };
		C31169EC1F47B40F00E0C392 /* AppDelegate.swift */ = {isa = PBXFileReference; lastKnownFileType = sourcecode.swift; path = AppDelegate.swift; sourceTree = "<group>"; };
		C31169EE1F47B40F00E0C392 /* ViewController.swift */ = {isa = PBXFileReference; lastKnownFileType = sourcecode.swift; path = ViewController.swift; sourceTree = "<group>"; };
		C31169F11F47B40F00E0C392 /* Base */ = {isa = PBXFileReference; lastKnownFileType = file.storyboard; name = Base; path = Base.lproj/Main.storyboard; sourceTree = "<group>"; };
		C31169F31F47B40F00E0C392 /* Assets.xcassets */ = {isa = PBXFileReference; lastKnownFileType = folder.assetcatalog; path = Assets.xcassets; sourceTree = "<group>"; };
		C31169F61F47B40F00E0C392 /* Base */ = {isa = PBXFileReference; lastKnownFileType = file.storyboard; name = Base; path = Base.lproj/LaunchScreen.storyboard; sourceTree = "<group>"; };
		C31169F81F47B40F00E0C392 /* Info.plist */ = {isa = PBXFileReference; lastKnownFileType = text.plist.xml; path = Info.plist; sourceTree = "<group>"; };
/* End PBXFileReference section */

/* Begin PBXFrameworksBuildPhase section */
		C31169E61F47B40F00E0C392 /* Frameworks */ = {
			isa = PBXFrameworksBuildPhase;
			buildActionMask = 2147483647;
			files = (
			);
			runOnlyForDeploymentPostprocessing = 0;
		};
/* End PBXFrameworksBuildPhase section */

/* Begin PBXGroup section */
		C31169E01F47B40F00E0C392 = {
			isa = PBXGroup;
			children = (
				C31169EB1F47B40F00E0C392 /* UIViewFreeSpace */,
				C31169EA1F47B40F00E0C392 /* Products */,
			);
			sourceTree = "<group>";
		};
		C31169EA1F47B40F00E0C392 /* Products */ = {
			isa = PBXGroup;
			children = (
				C31169E91F47B40F00E0C392 /* UIViewFreeSpace.app */,
			);
			name = Products;
			sourceTree = "<group>";
		};
		C31169EB1F47B40F00E0C392 /* UIViewFreeSpace */ = {
			isa = PBXGroup;
			children = (
				C31169EC1F47B40F00E0C392 /* AppDelegate.swift */,
				C31169EE1F47B40F00E0C392 /* ViewController.swift */,
				C31169F01F47B40F00E0C392 /* Main.storyboard */,
				C31169F31F47B40F00E0C392 /* Assets.xcassets */,
				C31169F51F47B40F00E0C392 /* LaunchScreen.storyboard */,
				C31169F81F47B40F00E0C392 /* Info.plist */,
			);
			path = UIViewFreeSpace;
			sourceTree = "<group>";
		};
/* End PBXGroup section */

/* Begin PBXNativeTarget section */
		C31169E81F47B40F00E0C392 /* UIViewFreeSpace */ = {
			isa = PBXNativeTarget;
			buildConfigurationList = C31169FB1F47B40F00E0C392 /* Build configuration list for PBXNativeTarget "UIViewFreeSpace" */;
			buildPhases = (
				C31169E51F47B40F00E0C392 /* Sources */,
				C31169E61F47B40F00E0C392 /* Frameworks */,
				C31169E71F47B40F00E0C392 /* Resources */,
			);
			buildRules = (
			);
			dependencies = (
			);
			name = UIViewFreeSpace;
			productName = UIViewFreeSpace;
			productReference = C31169E91F47B40F00E0C392 /* UIViewFreeSpace.app */;
			productType = "com.apple.product-type.application";
		};
/* End PBXNativeTarget section */

/* Begin PBXProject section */
		C31169E11F47B40F00E0C392 /* Project object */ = {
			isa = PBXProject;
			attributes = {
				LastSwiftUpdateCheck = 0730;
				LastUpgradeCheck = 0730;
				ORGANIZATIONNAME = Basheer;
				TargetAttributes = {
					C31169E81F47B40F00E0C392 = {
						CreatedOnToolsVersion = 7.3.1;
					};
				};
			};
			buildConfigurationList = C31169E41F47B40F00E0C392 /* Build configuration list for PBXProject "UIViewFreeSpace" */;
			compatibilityVersion = "Xcode 3.2";
			developmentRegion = English;
			hasScannedForEncodings = 0;
			knownRegions = (
				en,
				Base,
			);
			mainGroup = C31169E01F47B40F00E0C392;
			productRefGroup = C31169EA1F47B40F00E0C392 /* Products */;
			projectDirPath = "";
			projectRoot = "";
			targets = (
				C31169E81F47B40F00E0C392 /* UIViewFreeSpace */,
			);
		};
/* End PBXProject section */

/* Begin PBXResourcesBuildPhase section */
		C31169E71F47B40F00E0C392 /* Resources */ = {
			isa = PBXResourcesBuildPhase;
			buildActionMask = 2147483647;
			files = (
				C31169F71F47B40F00E0C392 /* LaunchScreen.storyboard in Resources */,
				C31169F41F47B40F00E0C392 /* Assets.xcassets in Resources */,
				C31169F21F47B40F00E0C392 /* Main.storyboard in Resources */,
			);
			runOnlyForDeploymentPostprocessing = 0;
		};
/* End PBXResourcesBuildPhase section */

/* Begin PBXSourcesBuildPhase section */
		C31169E51F47B40F00E0C392 /* Sources */ = {
			isa = PBXSourcesBuildPhase;
			buildActionMask = 2147483647;
			files = (
				C31169EF1F47B40F00E0C392 /* ViewController.swift in Sources */,
				C31169ED1F47B40F00E0C392 /* AppDelegate.swift in Sources */,
			);
			runOnlyForDeploymentPostprocessing = 0;
		};
/* End PBXSourcesBuildPhase section */

/* Begin PBXVariantGroup section */
		C31169F01F47B40F00E0C392 /* Main.storyboard */ = {
			isa = PBXVariantGroup;
			children = (
				C31169F11F47B40F00E0C392 /* Base */,
			);
			name = Main.storyboard;
			sourceTree = "<group>";
		};
		C31169F51F47B40F00E0C392 /* LaunchScreen.storyboard */ = {
			isa = PBXVariantGroup;
			children = (
				C31169F61F47B40F00E0C392 /* Base */,
			);
			name = LaunchScreen.storyboard;
			sourceTree = "<group>";
		};
/* End PBXVariantGroup section */

/* Begin XCBuildConfiguration section */
		C31169F91F47B40F00E0C392 /* Debug */ = {
			isa = XCBuildConfiguration;
			buildSettings = {
				ALWAYS_SEARCH_USER_PATHS = NO;
				CLANG_ANALYZER_NONNULL = YES;
				CLANG_CXX_LANGUAGE_STANDARD = "gnu++0x";
				CLANG_CXX_LIBRARY = "libc++";
				CLANG_ENABLE_MODULES = YES;
				CLANG_ENABLE_OBJC_ARC = YES;
				CLANG_WARN_BOOL_CONVERSION = YES;
				CLANG_WARN_CONSTANT_CONVERSION = YES;
				CLANG_WARN_DIRECT_OBJC_ISA_USAGE = YES_ERROR;
				CLANG_WARN_EMPTY_BODY = YES;
				CLANG_WARN_ENUM_CONVERSION = YES;
				CLANG_WARN_INT_CONVERSION = YES;
				CLANG_WARN_OBJC_ROOT_CLASS = YES_ERROR;
				CLANG_WARN_UNREACHABLE_CODE = YES;
				CLANG_WARN__DUPLICATE_METHOD_MATCH = YES;
				"CODE_SIGN_IDENTITY[sdk=iphoneos*]" = "iPhone Developer";
				COPY_PHASE_STRIP = NO;
				DEBUG_INFORMATION_FORMAT = dwarf;
				ENABLE_STRICT_OBJC_MSGSEND = YES;
				ENABLE_TESTABILITY = YES;
				GCC_C_LANGUAGE_STANDARD = gnu99;
				GCC_DYNAMIC_NO_PIC = NO;
				GCC_NO_COMMON_BLOCKS = YES;
				GCC_OPTIMIZATION_LEVEL = 0;
				GCC_PREPROCESSOR_DEFINITIONS = (
					"DEBUG=1",
					"$(inherited)",
				);
				GCC_WARN_64_TO_32_BIT_CONVERSION = YES;
				GCC_WARN_ABOUT_RETURN_TYPE = YES_ERROR;
				GCC_WARN_UNDECLARED_SELECTOR = YES;
				GCC_WARN_UNINITIALIZED_AUTOS = YES_AGGRESSIVE;
				GCC_WARN_UNUSED_FUNCTION = YES;
				GCC_WARN_UNUSED_VARIABLE = YES;
				IPHONEOS_DEPLOYMENT_TARGET = 9.3;
				MTL_ENABLE_DEBUG_INFO = YES;
				ONLY_ACTIVE_ARCH = YES;
				SDKROOT = iphoneos;
				SWIFT_OPTIMIZATION_LEVEL = "-Onone";
			};
			name = Debug;
		};
		C31169FA1F47B40F00E0C392 /* Release */ = {
			isa = XCBuildConfiguration;
			buildSettings = {
				ALWAYS_SEARCH_USER_PATHS = NO;
				CLANG_ANALYZER_NONNULL = YES;
				CLANG_CXX_LANGUAGE_STANDARD = "gnu++0x";
				CLANG_CXX_LIBRARY = "libc++";
				CLANG_ENABLE_MODULES = YES;
				CLANG_ENABLE_OBJC_ARC = YES;
				CLANG_WARN_BOOL_CONVERSION = YES;
				CLANG_WARN_CONSTANT_CONVERSION = YES;
				CLANG_WARN_DIRECT_OBJC_ISA_USAGE = YES_ERROR;
				CLANG_WARN_EMPTY_BODY = YES;
				CLANG_WARN_ENUM_CONVERSION = YES;
				CLANG_WARN_INT_CONVERSION = YES;
				CLANG_WARN_OBJC_ROOT_CLASS = YES_ERROR;
				CLANG_WARN_UNREACHABLE_CODE = YES;
				CLANG_WARN__DUPLICATE_METHOD_MATCH = YES;
				"CODE_SIGN_IDENTITY[sdk=iphoneos*]" = "iPhone Developer";
				COPY_PHASE_STRIP = NO;
				DEBUG_INFORMATION_FORMAT = "dwarf-with-dsym";
				ENABLE_NS_ASSERTIONS = NO;
				ENABLE_STRICT_OBJC_MSGSEND = YES;
				GCC_C_LANGUAGE_STANDARD = gnu99;
				GCC_NO_COMMON_BLOCKS = YES;
				GCC_WARN_64_TO_32_BIT_CONVERSION = YES;
				GCC_WARN_ABOUT_RETURN_TYPE = YES_ERROR;
				GCC_WARN_UNDECLARED_SELECTOR = YES;
				GCC_WARN_UNINITIALIZED_AUTOS = YES_AGGRESSIVE;
				GCC_WARN_UNUSED_FUNCTION = YES;
				GCC_WARN_UNUSED_VARIABLE = YES;
				IPHONEOS_DEPLOYMENT_TARGET = 9.3;
				MTL_ENABLE_DEBUG_INFO = NO;
				SDKROOT = iphoneos;
				VALIDATE_PRODUCT = YES;
			};
			name = Release;
		};
		C31169FC1F47B40F00E0C392 /* Debug */ = {
			isa = XCBuildConfiguration;
			buildSettings = {
				ASSETCATALOG_COMPILER_APPICON_NAME = AppIcon;
				INFOPLIST_FILE = UIViewFreeSpace/Info.plist;
				LD_RUNPATH_SEARCH_PATHS = "$(inherited) @executable_path/Frameworks";
				PRODUCT_BUNDLE_IDENTIFIER = com.basheer.UIViewFreeSpace;
				PRODUCT_NAME = "$(TARGET_NAME)";
			};
			name = Debug;
		};
		C31169FD1F47B40F00E0C392 /* Release */ = {
			isa = XCBuildConfiguration;
			buildSettings = {
				ASSETCATALOG_COMPILER_APPICON_NAME = AppIcon;
				INFOPLIST_FILE = UIViewFreeSpace/Info.plist;
				LD_RUNPATH_SEARCH_PATHS = "$(inherited) @executable_path/Frameworks";
				PRODUCT_BUNDLE_IDENTIFIER = com.basheer.UIViewFreeSpace;
				PRODUCT_NAME = "$(TARGET_NAME)";
			};
			name = Release;
		};
/* End XCBuildConfiguration section */

/* Begin XCConfigurationList section */
		C31169E41F47B40F00E0C392 /* Build configuration list for PBXProject "UIViewFreeSpace" */ = {
			isa = XCConfigurationList;
			buildConfigurations = (
				C31169F91F47B40F00E0C392 /* Debug */,
				C31169FA1F47B40F00E0C392 /* Release */,
			);
			defaultConfigurationIsVisible = 0;
			defaultConfigurationName = Release;
		};
		C31169FB1F47B40F00E0C392 /* Build configuration list for PBXNativeTarget "UIViewFreeSpace" */ = {
			isa = XCConfigurationList;
			buildConfigurations = (
				C31169FC1F47B40F00E0C392 /* Debug */,
				C31169FD1F47B40F00E0C392 /* Release */,
			);
			defaultConfigurationIsVisible = 0;
		};
/* End XCConfigurationList section */
	};
	rootObject = C31169E11F47B40F00E0C392 /* Project object */;
}
